
Microsoft Visual Studio Solution File, Format Version 12.00
# Visual Studio Version 17
VisualStudioVersion = 17.9.34701.34
MinimumVisualStudioVersion = 10.0.40219.1
Project("{FAE04EC0-301F-11D3-BF4B-00C04F79EFBC}") = "DbLabAssignment", "DbLabAssignment.csproj", "{D0CBA8D4-CFC1-4E33-BC62-1CAAA3BEBAD1}"
EndProject
Global
	GlobalSection(SolutionConfigurationPlatforms) = preSolution
		Debug|Any CPU = Debug|Any CPU
		Release|Any CPU = Release|Any CPU
	EndGlobalSection
	GlobalSection(ProjectConfigurationPlatforms) = postSolution
		{D0CBA8D4-CFC1-4E33-BC62-1CAAA3BEBAD1}.Debug|Any CPU.ActiveCfg = Debug|Any CPU
		{D0CBA8D4-CFC1-4E33-BC62-1CAAA3BEBAD1}.Debug|Any CPU.Build.0 = Debug|Any CPU
		{D0CBA8D4-CFC1-4E33-BC62-1CAAA3BEBAD1}.Release|Any CPU.ActiveCfg = Release|Any CPU
		{D0CBA8D4-CFC1-4E33-BC62-1CAAA3BEBAD1}.Release|Any CPU.Build.0 = Release|Any CPU
	EndGlobalSection
	GlobalSection(SolutionProperties) = preSolution
		HideSolutionNode = FALSE
	EndGlobalSection
	GlobalSection(ExtensibilityGlobals) = postSolution
		SolutionGuid = {809AE291-C523-44F4-B505-6156D7EB4606}
	EndGlobalSection
EndGlobal
